
Microsoft Visual Studio Solution File, Format Version 12.00
# Visual Studio Version 16
VisualStudioVersion = 16.0.30804.86
MinimumVisualStudioVersion = 10.0.40219.1
Project("{FAE04EC0-301F-11D3-BF4B-00C04F79EFBC}") = "MailMerge", "MailMerge.csproj", "{7340072A-2A0E-409F-AFEE-09B9C5DCAC1F}"
EndProject
Global
	GlobalSection(SolutionConfigurationPlatforms) = preSolution
		Debug|Any CPU = Debug|Any CPU
		Release|Any CPU = Release|Any CPU
	EndGlobalSection
	GlobalSection(ProjectConfigurationPlatforms) = postSolution
		{7340072A-2A0E-409F-AFEE-09B9C5DCAC1F}.Debug|Any CPU.ActiveCfg = Debug|Any CPU
		{7340072A-2A0E-409F-AFEE-09B9C5DCAC1F}.Debug|Any CPU.Build.0 = Debug|Any CPU
		{7340072A-2A0E-409F-AFEE-09B9C5DCAC1F}.Release|Any CPU.ActiveCfg = Release|Any CPU
		{7340072A-2A0E-409F-AFEE-09B9C5DCAC1F}.Release|Any CPU.Build.0 = Release|Any CPU
	EndGlobalSection
	GlobalSection(SolutionProperties) = preSolution
		HideSolutionNode = FALSE
	EndGlobalSection
	GlobalSection(ExtensibilityGlobals) = postSolution
		SolutionGuid = {C1B3E832-7C73-41E8-BEC2-95143B10CA54}
	EndGlobalSection
EndGlobal
